PODS:
  - app_settings (5.1.1):
    - FlutterMacOS
  - FlutterMacOS (1.0.0)

DEPENDENCIES:
  - app_settings (from `Flutter/ephemeral/.symlinks/plugins/app_settings/macos`)
  - FlutterMacOS (from `Flutter/ephemeral`)

EXTERNAL SOURCES:
  app_settings:
    :path: Flutter/ephemeral/.symlinks/plugins/app_settings/macos
  FlutterMacOS:
    :path: Flutter/ephemeral

SPEC CHECKSUMS:
  app_settings: cd21e176b56f8172043640ade81322a98896bff4
  FlutterMacOS: c232990155153907050900a2e175c7773903ba4e

PODFILE CHECKSUM: f0c21717cb7ee9112f915044c74bfceb5b12e02a

COCOAPODS: 1.16.2
